# THIS IS AN AUTOGENERATED FILE. DO NOT EDIT THIS FILE DIRECTLY.
# yarn lockfile v1


"fake-package@file:":
  version "1.0.0"
  dependencies:
    test-fixture PolymerElements/test-fixture

"fake-package@file:.":
  version "1.0.0"
  dependencies:
    test-fixture PolymerElements/test-fixture

"test-fixture@github:PolymerElements/test-fixture":
  version "2.0.1"
  resolved "https://codeload.github.com/PolymerElements/test-fixture/tar.gz/f72f0ff4e83b83b0157afed664f560da91d20f31"
